
Microsoft Visual Studio Solution File, Format Version 12.00
# Visual Studio Version 17
VisualStudioVersion = 17.9.34728.123
MinimumVisualStudioVersion = 10.0.40219.1
Project("{FAE04EC0-301F-11D3-BF4B-00C04F79EFBC}") = "eProrab.Domain", "src\eProrab.Domain\eProrab.Domain.csproj", "{5565237F-2C07-4667-BCFC-3D9292EE00D3}"
EndProject
Project("{FAE04EC0-301F-11D3-BF4B-00C04F79EFBC}") = "eProrab.Application", "src\eProrab.Application\eProrab.Application.csproj", "{C8B3C6EC-DE02-4C77-917C-4862F35173FA}"
EndProject
Project("{FAE04EC0-301F-11D3-BF4B-00C04F79EFBC}") = "eProrab.Infrastructure", "src\eProrab.Infrastructure\eProrab.Infrastructure.csproj", "{9F3744BD-FB79-43B9-8867-51F9F0F23F43}"
EndProject
Project("{FAE04EC0-301F-11D3-BF4B-00C04F79EFBC}") = "eProrab.API", "src\eProrab.API\eProrab.API.csproj", "{822E7E68-5205-4732-B7C9-EEF9819C46CC}"
EndProject
Global
	GlobalSection(SolutionConfigurationPlatforms) = preSolution
		Debug|Any CPU = Debug|Any CPU
		Release|Any CPU = Release|Any CPU
	EndGlobalSection
	GlobalSection(ProjectConfigurationPlatforms) = postSolution
		{5565237F-2C07-4667-BCFC-3D9292EE00D3}.Debug|Any CPU.ActiveCfg = Debug|Any CPU
		{5565237F-2C07-4667-BCFC-3D9292EE00D3}.Debug|Any CPU.Build.0 = Debug|Any CPU
		{5565237F-2C07-4667-BCFC-3D9292EE00D3}.Release|Any CPU.ActiveCfg = Release|Any CPU
		{5565237F-2C07-4667-BCFC-3D9292EE00D3}.Release|Any CPU.Build.0 = Release|Any CPU
		{C8B3C6EC-DE02-4C77-917C-4862F35173FA}.Debug|Any CPU.ActiveCfg = Debug|Any CPU
		{C8B3C6EC-DE02-4C77-917C-4862F35173FA}.Debug|Any CPU.Build.0 = Debug|Any CPU
		{C8B3C6EC-DE02-4C77-917C-4862F35173FA}.Release|Any CPU.ActiveCfg = Release|Any CPU
		{C8B3C6EC-DE02-4C77-917C-4862F35173FA}.Release|Any CPU.Build.0 = Release|Any CPU
		{9F3744BD-FB79-43B9-8867-51F9F0F23F43}.Debug|Any CPU.ActiveCfg = Debug|Any CPU
		{9F3744BD-FB79-43B9-8867-51F9F0F23F43}.Debug|Any CPU.Build.0 = Debug|Any CPU
		{9F3744BD-FB79-43B9-8867-51F9F0F23F43}.Release|Any CPU.ActiveCfg = Release|Any CPU
		{9F3744BD-FB79-43B9-8867-51F9F0F23F43}.Release|Any CPU.Build.0 = Release|Any CPU
		{822E7E68-5205-4732-B7C9-EEF9819C46CC}.Debug|Any CPU.ActiveCfg = Debug|Any CPU
		{822E7E68-5205-4732-B7C9-EEF9819C46CC}.Debug|Any CPU.Build.0 = Debug|Any CPU
		{822E7E68-5205-4732-B7C9-EEF9819C46CC}.Release|Any CPU.ActiveCfg = Release|Any CPU
		{822E7E68-5205-4732-B7C9-EEF9819C46CC}.Release|Any CPU.Build.0 = Release|Any CPU
	EndGlobalSection
	GlobalSection(SolutionProperties) = preSolution
		HideSolutionNode = FALSE
	EndGlobalSection
EndGlobal
